
Microsoft Visual Studio Solution File, Format Version 12.00
# Visual Studio 14
VisualStudioVersion = 14.0.25420.1
MinimumVisualStudioVersion = 10.0.40219.1
Project("{FAE04EC0-301F-11D3-BF4B-00C04F79EFBC}") = "SAMA", "SAMA\SAMA.csproj", "{7CF65FB6-A131-4121-8B6F-035345598CD0}"
EndProject
Project("{FAE04EC0-301F-11D3-BF4B-00C04F79EFBC}") = "SAMA.Entities", "SAMA.Entities\SAMA.Entities.csproj", "{01E57633-720C-476D-A89D-7B6AFC58B930}"
EndProject
Global
	GlobalSection(SolutionConfigurationPlatforms) = preSolution
		Debug|Any CPU = Debug|Any CPU
		Release|Any CPU = Release|Any CPU
	EndGlobalSection
	GlobalSection(ProjectConfigurationPlatforms) = postSolution
		{7CF65FB6-A131-4121-8B6F-035345598CD0}.Debug|Any CPU.ActiveCfg = Debug|Any CPU
		{7CF65FB6-A131-4121-8B6F-035345598CD0}.Debug|Any CPU.Build.0 = Debug|Any CPU
		{7CF65FB6-A131-4121-8B6F-035345598CD0}.Release|Any CPU.ActiveCfg = Release|Any CPU
		{7CF65FB6-A131-4121-8B6F-035345598CD0}.Release|Any CPU.Build.0 = Release|Any CPU
		{01E57633-720C-476D-A89D-7B6AFC58B930}.Debug|Any CPU.ActiveCfg = Debug|Any CPU
		{01E57633-720C-476D-A89D-7B6AFC58B930}.Debug|Any CPU.Build.0 = Debug|Any CPU
		{01E57633-720C-476D-A89D-7B6AFC58B930}.Release|Any CPU.ActiveCfg = Release|Any CPU
		{01E57633-720C-476D-A89D-7B6AFC58B930}.Release|Any CPU.Build.0 = Release|Any CPU
	EndGlobalSection
	GlobalSection(SolutionProperties) = preSolution
		HideSolutionNode = FALSE
	EndGlobalSection
EndGlobal
